
Microsoft Visual Studio Solution File, Format Version 12.00
# Visual Studio Version 16
VisualStudioVersion = 16.0.31729.503
MinimumVisualStudioVersion = 10.0.40219.1
Project("{9A19103F-16F7-4668-BE54-9A1E7A4F7556}") = "quadratic-solver-ru", "quadratic-solver\quadratic-solver-ru.csproj", "{3353D0A3-28DE-4E52-BB27-DB917F5B8B53}"
EndProject
Project("{FAE04EC0-301F-11D3-BF4B-00C04F79EFBC}") = "quadratic-solver-ru-tests", "quadratic-solver-ru-tests\quadratic-solver-ru-tests.csproj", "{124C59F9-D100-4F70-A04E-B88FBEE403CC}"
EndProject
Global
	GlobalSection(SolutionConfigurationPlatforms) = preSolution
		Debug|Any CPU = Debug|Any CPU
		Release|Any CPU = Release|Any CPU
	EndGlobalSection
	GlobalSection(ProjectConfigurationPlatforms) = postSolution
		{3353D0A3-28DE-4E52-BB27-DB917F5B8B53}.Debug|Any CPU.ActiveCfg = Debug|Any CPU
		{3353D0A3-28DE-4E52-BB27-DB917F5B8B53}.Debug|Any CPU.Build.0 = Debug|Any CPU
		{3353D0A3-28DE-4E52-BB27-DB917F5B8B53}.Release|Any CPU.ActiveCfg = Release|Any CPU
		{3353D0A3-28DE-4E52-BB27-DB917F5B8B53}.Release|Any CPU.Build.0 = Release|Any CPU
		{124C59F9-D100-4F70-A04E-B88FBEE403CC}.Debug|Any CPU.ActiveCfg = Debug|Any CPU
		{124C59F9-D100-4F70-A04E-B88FBEE403CC}.Debug|Any CPU.Build.0 = Debug|Any CPU
		{124C59F9-D100-4F70-A04E-B88FBEE403CC}.Release|Any CPU.ActiveCfg = Release|Any CPU
		{124C59F9-D100-4F70-A04E-B88FBEE403CC}.Release|Any CPU.Build.0 = Release|Any CPU
	EndGlobalSection
	GlobalSection(SolutionProperties) = preSolution
		HideSolutionNode = FALSE
	EndGlobalSection
	GlobalSection(ExtensibilityGlobals) = postSolution
		SolutionGuid = {52FE41E2-D896-4EB9-B100-E206C6E94BF7}
	EndGlobalSection
EndGlobal
